
Microsoft Visual Studio Solution File, Format Version 12.00
# Visual Studio Version 17
VisualStudioVersion = 17.2.32210.308
MinimumVisualStudioVersion = 10.0.40219.1
Project("{9A19103F-16F7-4668-BE54-9A1E7A4F7556}") = "TRexExporter", "TRexExporter\TrexExporter.csproj", "{0043284B-1964-47B8-8A77-3D6D5CC83C1A}"
EndProject
Project("{9A19103F-16F7-4668-BE54-9A1E7A4F7556}") = "MetricsGenerator", "MetricsGenerator\MetricsGenerator.csproj", "{7C3F0059-8908-4BC9-B4CD-CC79BDB502B7}"
EndProject
Global
	GlobalSection(SolutionConfigurationPlatforms) = preSolution
		Debug|Any CPU = Debug|Any CPU
		Release|Any CPU = Release|Any CPU
	EndGlobalSection
	GlobalSection(ProjectConfigurationPlatforms) = postSolution
		{0043284B-1964-47B8-8A77-3D6D5CC83C1A}.Debug|Any CPU.ActiveCfg = Debug|Any CPU
		{0043284B-1964-47B8-8A77-3D6D5CC83C1A}.Debug|Any CPU.Build.0 = Debug|Any CPU
		{0043284B-1964-47B8-8A77-3D6D5CC83C1A}.Release|Any CPU.ActiveCfg = Release|Any CPU
		{0043284B-1964-47B8-8A77-3D6D5CC83C1A}.Release|Any CPU.Build.0 = Release|Any CPU
		{7C3F0059-8908-4BC9-B4CD-CC79BDB502B7}.Debug|Any CPU.ActiveCfg = Debug|Any CPU
		{7C3F0059-8908-4BC9-B4CD-CC79BDB502B7}.Debug|Any CPU.Build.0 = Debug|Any CPU
		{7C3F0059-8908-4BC9-B4CD-CC79BDB502B7}.Release|Any CPU.ActiveCfg = Release|Any CPU
		{7C3F0059-8908-4BC9-B4CD-CC79BDB502B7}.Release|Any CPU.Build.0 = Release|Any CPU
	EndGlobalSection
	GlobalSection(SolutionProperties) = preSolution
		HideSolutionNode = FALSE
	EndGlobalSection
	GlobalSection(ExtensibilityGlobals) = postSolution
		SolutionGuid = {5246AF52-F3B6-4EF0-96DC-0F3DC1639174}
	EndGlobalSection
EndGlobal
